PODS:
  - SwiftLint (0.43.1)
  - Yams (4.0.5)

DEPENDENCIES:
  - SwiftLint
  - Yams

SPEC REPOS:
  trunk:
    - SwiftLint
    - Yams

SPEC CHECKSUMS:
  SwiftLint: 99f82d07b837b942dd563c668de129a03fc3fb52
  Yams: d5bb6a6d75814f9a8de6b911c0ece4801ca7e061

PODFILE CHECKSUM: b234fc3f32449bb5690a14d714275abcbc0d13a1

COCOAPODS: 1.10.1
