PODS:
  - SwiftLint (0.43.1)
  - Yams (5.0.0)

DEPENDENCIES:
  - SwiftLint
  - Yams (= 5.0.0)

SPEC REPOS:
  trunk:
    - SwiftLint
    - Yams

SPEC CHECKSUMS:
  SwiftLint: 99f82d07b837b942dd563c668de129a03fc3fb52
  Yams: b5c3e188ceeb8321a9830b1d0e791ccea9af3201

PODFILE CHECKSUM: 801c8210508e49f1c069e3be4bade4a691f6fa5e

COCOAPODS: 1.11.3
