PODS:
  - DevtoolsFramework (0.0.1):
    - Yams
  - SwiftLint (0.43.1)
  - Yams (4.0.5)

DEPENDENCIES:
  - DevtoolsFramework (from `../../devtools/ios`)
  - SwiftLint

SPEC REPOS:
  trunk:
    - SwiftLint
    - Yams

EXTERNAL SOURCES:
  DevtoolsFramework:
    :path: "../../devtools/ios"

SPEC CHECKSUMS:
  DevtoolsFramework: f8c74c0e5014f5b2dc0d70a8081d3ecd39b186db
  SwiftLint: 99f82d07b837b942dd563c668de129a03fc3fb52
  Yams: d5bb6a6d75814f9a8de6b911c0ece4801ca7e061

PODFILE CHECKSUM: e6fa3942d810fd8ca7e7e9d8e269e9964b4f1201

COCOAPODS: 1.10.1
