PODS:
  - DevtoolsFramework (0.0.1):
    - Yams (= 5.0.0)
  - SwiftLint (0.46.5)
  - Yams (5.0.0)

DEPENDENCIES:
  - DevtoolsFramework (from `../../devtools/ios`)
  - SwiftLint

SPEC REPOS:
  trunk:
    - SwiftLint
    - Yams

EXTERNAL SOURCES:
  DevtoolsFramework:
    :path: "../../devtools/ios"

SPEC CHECKSUMS:
  DevtoolsFramework: 0a5edd304b6c2b77fa4154da51cb7f7f01685862
  SwiftLint: 2c16e8fa99dac2e440dc0c70ea74d2532048f6cf
  Yams: b5c3e188ceeb8321a9830b1d0e791ccea9af3201

PODFILE CHECKSUM: 0b20ba949fb7d215c9005999f92c8b37f885f96e

COCOAPODS: 1.11.3
